github.com/gookit/goutil v0.7.0 h1:HD4PUDW2LOSKIEBJPFD8PzNGLsL46ztpfXWVU+WtAxk=
github.com/gookit/goutil v0.7.0/go.mod h1:vJS9HXctYTCLtCsZot5L5xF+O1oR17cDYO9R0HxBmnU=
github.com/gorilla/websocket v1.5.3 h1:saDtZ6Pbx/0u+bgYQ3q96pZgCzfhKXGPqt7kZ72aNNg=
github.com/gorilla/websocket v1.5.3/go.mod h1:YR8l580nyteQvAITg2hZ9XVh4b55+EU/adAjf1fMHhE=
github.com/pseudocodes/go2ctp v0.0.0-20250619052923-425680661560 h1:lf+QxoZ9NJBvwv0VyWjULPcOcXjmOlH5hrg5RhiS2Fw=
github.com/pseudocodes/go2ctp v0.0.0-20250619052923-425680661560/go.mod h1:xfZ/1dsesxyGGQwVL8bvZR58nCUWioZm+g8/UrU9YkE=
github.com/pseudocodes/go2ctp v0.0.0-20250619060612-7be96b495938 h1:K/adfY50BlVKVaBNcsy0GcgGOsOxl9aqoFrR05EoS0E=
github.com/pseudocodes/go2ctp v0.0.0-20250619060612-7be96b495938/go.mod h1:xfZ/1dsesxyGGQwVL8bvZR58nCUWioZm+g8/UrU9YkE=
github.com/shopspring/decimal v1.4.0 h1:bxl37RwXBklmTi0C79JfXCEBD1cqqHt0bbgBAGFp81k=
github.com/shopspring/decimal v1.4.0/go.mod h1:gawqmDU56v4yIKSwfBSFip1HdCCXN8/+DMd9qYNcwME=
golang.org/x/sys v0.30.0 h1:QjkSwP/36a20jFYWkSue1YwXzLmsV5Gfq7Eiy72C1uc=
golang.org/x/sys v0.30.0/go.mod h1:/VUhepiaJMQUp4+oa/7Zr1D23ma6VTLIYjOOTFZPUcA=
golang.org/x/term v0.29.0 h1:L6pJp37ocefwRRtYPKSWOWzOtWSxVajvz2ldH/xi3iU=
golang.org/x/term v0.29.0/go.mod h1:6bl4lRlvVuDgSf3179VpIxBF0o10JUpXWOnI7nErv7s=
golang.org/x/text v0.22.0 h1:bofq7m3/HAFvbF51jz3Q9wLg3jkvSPuiZu/pD1XwgtM=
golang.org/x/text v0.22.0/go.mod h1:YRoo4H8PVmsu+E3Ou7cqLVH8oXWIHVoX0jqUWALQhfY=
